// !$*UTF8*$!
{
	archiveVersion = 1;
	classes = {
	};
	objectVersion = 56;
	objects = {

/* Begin PBXBuildFile section */
		2A0290832BB5D524008BB3C7 /* KnowledgeRepetitionLevelView.swift in Sources */ = {isa = PBXBuildFile; fileRef = 2A0290822BB5D524008BB3C7 /* KnowledgeRepetitionLevelView.swift */; };
		2A0290852BB5D542008BB3C7 /* KnowledgeRepetitionLevelViewController.swift in Sources */ = {isa = PBXBuildFile; fileRef = 2A0290842BB5D542008BB3C7 /* KnowledgeRepetitionLevelViewController.swift */; };
		2A0290872BB5D58A008BB3C7 /* KnowledgeRepetitionLevelViewModel.swift in Sources */ = {isa = PBXBuildFile; fileRef = 2A0290862BB5D58A008BB3C7 /* KnowledgeRepetitionLevelViewModel.swift */; };
		2A02908A2BB5DE21008BB3C7 /* HearingTestLevelScreenViewController.swift in Sources */ = {isa = PBXBuildFile; fileRef = 2A0290892BB5DE21008BB3C7 /* HearingTestLevelScreenViewController.swift */; };
		2A02908C2BB5DE2F008BB3C7 /* HearingTestLevelScreenView.swift in Sources */ = {isa = PBXBuildFile; fileRef = 2A02908B2BB5DE2F008BB3C7 /* HearingTestLevelScreenView.swift */; };
		2A02908E2BB5DE47008BB3C7 /* HearingTestLevelScreenViewModel.swift in Sources */ = {isa = PBXBuildFile; fileRef = 2A02908D2BB5DE47008BB3C7 /* HearingTestLevelScreenViewModel.swift */; };
		2A0290912BBA9836008BB3C7 /* TopicLevelScreenView.swift in Sources */ = {isa = PBXBuildFile; fileRef = 2A0290902BBA9836008BB3C7 /* TopicLevelScreenView.swift */; };
		2A0290932BBA984D008BB3C7 /* TopicLevelScreenViewController.swift in Sources */ = {isa = PBXBuildFile; fileRef = 2A0290922BBA984D008BB3C7 /* TopicLevelScreenViewController.swift */; };
		2A0290952BBAA6F9008BB3C7 /* TopicLevelsScreenViewModel.swift in Sources */ = {isa = PBXBuildFile; fileRef = 2A0290942BBAA6F9008BB3C7 /* TopicLevelsScreenViewModel.swift */; };
		2A0290972BBAA8DB008BB3C7 /* LevelsCollectionViewCell.swift in Sources */ = {isa = PBXBuildFile; fileRef = 2A0290962BBAA8DB008BB3C7 /* LevelsCollectionViewCell.swift */; };
		2A02909A2BBAB826008BB3C7 /* UICollectionViewCellExtension.swift in Sources */ = {isa = PBXBuildFile; fileRef = 2A0290992BBAB826008BB3C7 /* UICollectionViewCellExtension.swift */; };
		2A4048A32BE935F20030260E /* LoadingScreenView.swift in Sources */ = {isa = PBXBuildFile; fileRef = 2A4048A22BE935F20030260E /* LoadingScreenView.swift */; };
		2A4048A52BE936130030260E /* LoadingScreenViewController.swift in Sources */ = {isa = PBXBuildFile; fileRef = 2A4048A42BE936130030260E /* LoadingScreenViewController.swift */; };
		2A4048A72BE9362D0030260E /* LoadingScreenViewModel.swift in Sources */ = {isa = PBXBuildFile; fileRef = 2A4048A62BE9362D0030260E /* LoadingScreenViewModel.swift */; };
		2A4048AA2BE9720C0030260E /* EndLevelScreenViewController.swift in Sources */ = {isa = PBXBuildFile; fileRef = 2A4048A92BE9720C0030260E /* EndLevelScreenViewController.swift */; };
		2A4048AC2BE9721F0030260E /* EndLevelScreenView.swift in Sources */ = {isa = PBXBuildFile; fileRef = 2A4048AB2BE9721F0030260E /* EndLevelScreenView.swift */; };
		2A4048AE2BE972320030260E /* EndLevelScreenViewModel.swift in Sources */ = {isa = PBXBuildFile; fileRef = 2A4048AD2BE972320030260E /* EndLevelScreenViewModel.swift */; };
		2A4048B12BEAB2140030260E /* JGProgressHUD in Frameworks */ = {isa = PBXBuildFile; productRef = 2A4048B02BEAB2140030260E /* JGProgressHUD */; };
		2A5B8E4A2BBF2139007D8CDD /* HearingTestScreenView.swift in Sources */ = {isa = PBXBuildFile; fileRef = 2A5B8E492BBF2139007D8CDD /* HearingTestScreenView.swift */; };
		2A5B8E4C2BBF28D3007D8CDD /* HearingTestViewController.swift in Sources */ = {isa = PBXBuildFile; fileRef = 2A5B8E4B2BBF28D3007D8CDD /* HearingTestViewController.swift */; };
		2ABFFBC32BA1C2CC00DA45E8 /* AppDelegate.swift in Sources */ = {isa = PBXBuildFile; fileRef = 2ABFFBC22BA1C2CC00DA45E8 /* AppDelegate.swift */; };
		2ABFFBC52BA1C2CC00DA45E8 /* SceneDelegate.swift in Sources */ = {isa = PBXBuildFile; fileRef = 2ABFFBC42BA1C2CC00DA45E8 /* SceneDelegate.swift */; };
		2ABFFBCD2BA1C2CC00DA45E8 /* Solfeggio.xcdatamodeld in Sources */ = {isa = PBXBuildFile; fileRef = 2ABFFBCB2BA1C2CC00DA45E8 /* Solfeggio.xcdatamodeld */; };
		2ABFFBCF2BA1C2CD00DA45E8 /* Assets.xcassets in Resources */ = {isa = PBXBuildFile; fileRef = 2ABFFBCE2BA1C2CD00DA45E8 /* Assets.xcassets */; };
		2ABFFBD22BA1C2CD00DA45E8 /* LaunchScreen.storyboard in Resources */ = {isa = PBXBuildFile; fileRef = 2ABFFBD02BA1C2CD00DA45E8 /* LaunchScreen.storyboard */; };
		2ABFFBDC2BA1CA3900DA45E8 /* Alamofire in Frameworks */ = {isa = PBXBuildFile; productRef = 2ABFFBDB2BA1CA3900DA45E8 /* Alamofire */; };
		2ABFFBDF2BA1CA6900DA45E8 /* SnapKit in Frameworks */ = {isa = PBXBuildFile; productRef = 2ABFFBDE2BA1CA6900DA45E8 /* SnapKit */; };
		2ABFFBE22BA1D85800DA45E8 /* LessonLevelView.swift in Sources */ = {isa = PBXBuildFile; fileRef = 2ABFFBE12BA1D85800DA45E8 /* LessonLevelView.swift */; };
		2ABFFBE72BA2E79500DA45E8 /* GradientTaskView.swift in Sources */ = {isa = PBXBuildFile; fileRef = 2ABFFBE62BA2E79500DA45E8 /* GradientTaskView.swift */; };
		2ABFFBEA2BA38DB300DA45E8 /* GradientView.swift in Sources */ = {isa = PBXBuildFile; fileRef = 2ABFFBE92BA38DB300DA45E8 /* GradientView.swift */; };
		2ABFFBEC2BA3B24800DA45E8 /* ButtonsStackView.swift in Sources */ = {isa = PBXBuildFile; fileRef = 2ABFFBEB2BA3B24800DA45E8 /* ButtonsStackView.swift */; };
		2ABFFBEE2BA5508E00DA45E8 /* CustomViewBuilder.swift in Sources */ = {isa = PBXBuildFile; fileRef = 2ABFFBED2BA5508E00DA45E8 /* CustomViewBuilder.swift */; };
		2ABFFBF12BA7613500DA45E8 /* LessonLevelViewController.swift in Sources */ = {isa = PBXBuildFile; fileRef = 2ABFFBF02BA7613500DA45E8 /* LessonLevelViewController.swift */; };
		2AE9299D2BC7E829003D32E0 /* MainScreenView.swift in Sources */ = {isa = PBXBuildFile; fileRef = 2AE9299C2BC7E829003D32E0 /* MainScreenView.swift */; };
		2AE9299F2BC7E852003D32E0 /* MainScreenViewController.swift in Sources */ = {isa = PBXBuildFile; fileRef = 2AE9299E2BC7E852003D32E0 /* MainScreenViewController.swift */; };
		2AE929A12BC7E873003D32E0 /* MainScreenViewModel.swift in Sources */ = {isa = PBXBuildFile; fileRef = 2AE929A02BC7E873003D32E0 /* MainScreenViewModel.swift */; };
		2AE929A42BC7E8A4003D32E0 /* MainScreenCollectionViewCell.swift in Sources */ = {isa = PBXBuildFile; fileRef = 2AE929A32BC7E8A4003D32E0 /* MainScreenCollectionViewCell.swift */; };
		2AE929A62BC7EAC9003D32E0 /* MainScreenSubCollectionViewDataManager.swift in Sources */ = {isa = PBXBuildFile; fileRef = 2AE929A52BC7EAC9003D32E0 /* MainScreenSubCollectionViewDataManager.swift */; };
		2AE929A82BC7EAE6003D32E0 /* MainScreenSubCollectionViewCell.swift in Sources */ = {isa = PBXBuildFile; fileRef = 2AE929A72BC7EAE6003D32E0 /* MainScreenSubCollectionViewCell.swift */; };
		2AE929B02BCC0AFC003D32E0 /* Swinject in Frameworks */ = {isa = PBXBuildFile; productRef = 2AE929AF2BCC0AFC003D32E0 /* Swinject */; };
		2AE929B22BCC0D33003D32E0 /* HearingTestScreenViewModel.swift in Sources */ = {isa = PBXBuildFile; fileRef = 2AE929B12BCC0D33003D32E0 /* HearingTestScreenViewModel.swift */; };
		2AE929B62BCC0E3F003D32E0 /* ProfileScreenViewController.swift in Sources */ = {isa = PBXBuildFile; fileRef = 2AE929B52BCC0E3F003D32E0 /* ProfileScreenViewController.swift */; };
		2AE929B82BCC0E99003D32E0 /* KnowledgeRepetitionScreenViewController.swift in Sources */ = {isa = PBXBuildFile; fileRef = 2AE929B72BCC0E99003D32E0 /* KnowledgeRepetitionScreenViewController.swift */; };
		2AE929BC2BCC0F44003D32E0 /* CoordinatorProtocol.swift in Sources */ = {isa = PBXBuildFile; fileRef = 2AE929BB2BCC0F44003D32E0 /* CoordinatorProtocol.swift */; };
		2AE929BE2BCC0FB6003D32E0 /* MainScreenFlowCoordinator.swift in Sources */ = {isa = PBXBuildFile; fileRef = 2AE929BD2BCC0FB6003D32E0 /* MainScreenFlowCoordinator.swift */; };
		2AE929C12BCC1177003D32E0 /* ContainerAssembly.swift in Sources */ = {isa = PBXBuildFile; fileRef = 2AE929C02BCC1177003D32E0 /* ContainerAssembly.swift */; };
		2AE929C32BCC1A96003D32E0 /* TabBarFabric.swift in Sources */ = {isa = PBXBuildFile; fileRef = 2AE929C22BCC1A96003D32E0 /* TabBarFabric.swift */; };
		2AE929C52BCC24F3003D32E0 /* HearingTestScreenFlowCoordinator.swift in Sources */ = {isa = PBXBuildFile; fileRef = 2AE929C42BCC24F3003D32E0 /* HearingTestScreenFlowCoordinator.swift */; };
		2AE929C72BCC288A003D32E0 /* UIImageExtension.swift in Sources */ = {isa = PBXBuildFile; fileRef = 2AE929C62BCC288A003D32E0 /* UIImageExtension.swift */; };
		2AE929C92BCD109B003D32E0 /* KnowledgeRepetitionScreenView.swift in Sources */ = {isa = PBXBuildFile; fileRef = 2AE929C82BCD109B003D32E0 /* KnowledgeRepetitionScreenView.swift */; };
		2AE929CB2BCD10F7003D32E0 /* KnowledgeRepetitionScreenViewModel.swift in Sources */ = {isa = PBXBuildFile; fileRef = 2AE929CA2BCD10F7003D32E0 /* KnowledgeRepetitionScreenViewModel.swift */; };
		2AE929CD2BCD1132003D32E0 /* ProfileScreenView.swift in Sources */ = {isa = PBXBuildFile; fileRef = 2AE929CC2BCD1132003D32E0 /* ProfileScreenView.swift */; };
		2AE929CF2BCD113F003D32E0 /* ProfileScreenViewModel.swift in Sources */ = {isa = PBXBuildFile; fileRef = 2AE929CE2BCD113F003D32E0 /* ProfileScreenViewModel.swift */; };
		2AE929D12BCD1322003D32E0 /* LessonLevelViewModel.swift in Sources */ = {isa = PBXBuildFile; fileRef = 2AE929D02BCD1322003D32E0 /* LessonLevelViewModel.swift */; };
		2AE929D32BCD3889003D32E0 /* KnowledgeRepetitionScreenFlowCoordinator.swift in Sources */ = {isa = PBXBuildFile; fileRef = 2AE929D22BCD3889003D32E0 /* KnowledgeRepetitionScreenFlowCoordinator.swift */; };
		2AE929D52BCD6754003D32E0 /* ProfileScreenFlowCoordinator.swift in Sources */ = {isa = PBXBuildFile; fileRef = 2AE929D42BCD6754003D32E0 /* ProfileScreenFlowCoordinator.swift */; };
		2AE92A5B2BDBF55D003D32E0 /* KnowledgeRepetitionChossingTopicsUIView.swift in Sources */ = {isa = PBXBuildFile; fileRef = 2AE92A5A2BDBF55D003D32E0 /* KnowledgeRepetitionChossingTopicsUIView.swift */; };
		2AE92A5D2BDBF70B003D32E0 /* KnowRepChossingTopicsViewController.swift in Sources */ = {isa = PBXBuildFile; fileRef = 2AE92A5C2BDBF70B003D32E0 /* KnowRepChossingTopicsViewController.swift */; };
		2AE92A5F2BDBF767003D32E0 /* KnowRepetitionChossingTopicsViewModel.swift in Sources */ = {isa = PBXBuildFile; fileRef = 2AE92A5E2BDBF767003D32E0 /* KnowRepetitionChossingTopicsViewModel.swift */; };
		2AE92A612BDBF786003D32E0 /* KnowRepChossingTopicsCollectionViewCell.swift in Sources */ = {isa = PBXBuildFile; fileRef = 2AE92A602BDBF786003D32E0 /* KnowRepChossingTopicsCollectionViewCell.swift */; };
		2AE92A7C2BE418D6003D32E0 /* NetworkService.swift in Sources */ = {isa = PBXBuildFile; fileRef = 2AE92A7B2BE418D6003D32E0 /* NetworkService.swift */; };
		2AE92A882BE555F1003D32E0 /* Task+CoreDataClass.swift in Sources */ = {isa = PBXBuildFile; fileRef = 2AE92A7E2BE555F1003D32E0 /* Task+CoreDataClass.swift */; };
		2AE92A892BE555F1003D32E0 /* Task+CoreDataProperties.swift in Sources */ = {isa = PBXBuildFile; fileRef = 2AE92A7F2BE555F1003D32E0 /* Task+CoreDataProperties.swift */; };
		2AE92A8A2BE555F1003D32E0 /* Answer+CoreDataClass.swift in Sources */ = {isa = PBXBuildFile; fileRef = 2AE92A802BE555F1003D32E0 /* Answer+CoreDataClass.swift */; };
		2AE92A8B2BE555F1003D32E0 /* Answer+CoreDataProperties.swift in Sources */ = {isa = PBXBuildFile; fileRef = 2AE92A812BE555F1003D32E0 /* Answer+CoreDataProperties.swift */; };
		2AE92A8C2BE555F1003D32E0 /* Level+CoreDataClass.swift in Sources */ = {isa = PBXBuildFile; fileRef = 2AE92A822BE555F1003D32E0 /* Level+CoreDataClass.swift */; };
		2AE92A8D2BE555F1003D32E0 /* Level+CoreDataProperties.swift in Sources */ = {isa = PBXBuildFile; fileRef = 2AE92A832BE555F1003D32E0 /* Level+CoreDataProperties.swift */; };
		2AE92A8E2BE555F1003D32E0 /* Block+CoreDataClass.swift in Sources */ = {isa = PBXBuildFile; fileRef = 2AE92A842BE555F1003D32E0 /* Block+CoreDataClass.swift */; };
		2AE92A8F2BE555F1003D32E0 /* Block+CoreDataProperties.swift in Sources */ = {isa = PBXBuildFile; fileRef = 2AE92A852BE555F1003D32E0 /* Block+CoreDataProperties.swift */; };
		2AE92A902BE555F1003D32E0 /* Theme+CoreDataClass.swift in Sources */ = {isa = PBXBuildFile; fileRef = 2AE92A862BE555F1003D32E0 /* Theme+CoreDataClass.swift */; };
		2AE92A912BE555F1003D32E0 /* Theme+CoreDataProperties.swift in Sources */ = {isa = PBXBuildFile; fileRef = 2AE92A872BE555F1003D32E0 /* Theme+CoreDataProperties.swift */; };
		2AE92A942BE55CF0003D32E0 /* CoreDataManager.swift in Sources */ = {isa = PBXBuildFile; fileRef = 2AE92A932BE55CF0003D32E0 /* CoreDataManager.swift */; };
		2AE92A962BE5A6E3003D32E0 /* APIModels.swift in Sources */ = {isa = PBXBuildFile; fileRef = 2AE92A952BE5A6E3003D32E0 /* APIModels.swift */; };
		2AE92A982BE5AF01003D32E0 /* ConvertService.swift in Sources */ = {isa = PBXBuildFile; fileRef = 2AE92A972BE5AF01003D32E0 /* ConvertService.swift */; };
/* End PBXBuildFile section */

/* Begin PBXFileReference section */
		2A0290822BB5D524008BB3C7 /* KnowledgeRepetitionLevelView.swift */ = {isa = PBXFileReference; lastKnownFileType = sourcecode.swift; path = KnowledgeRepetitionLevelView.swift; sourceTree = "<group>"; };
		2A0290842BB5D542008BB3C7 /* KnowledgeRepetitionLevelViewController.swift */ = {isa = PBXFileReference; lastKnownFileType = sourcecode.swift; path = KnowledgeRepetitionLevelViewController.swift; sourceTree = "<group>"; };
		2A0290862BB5D58A008BB3C7 /* KnowledgeRepetitionLevelViewModel.swift */ = {isa = PBXFileReference; lastKnownFileType = sourcecode.swift; path = KnowledgeRepetitionLevelViewModel.swift; sourceTree = "<group>"; };
		2A0290892BB5DE21008BB3C7 /* HearingTestLevelScreenViewController.swift */ = {isa = PBXFileReference; lastKnownFileType = sourcecode.swift; path = HearingTestLevelScreenViewController.swift; sourceTree = "<group>"; };
		2A02908B2BB5DE2F008BB3C7 /* HearingTestLevelScreenView.swift */ = {isa = PBXFileReference; lastKnownFileType = sourcecode.swift; path = HearingTestLevelScreenView.swift; sourceTree = "<group>"; };
		2A02908D2BB5DE47008BB3C7 /* HearingTestLevelScreenViewModel.swift */ = {isa = PBXFileReference; lastKnownFileType = sourcecode.swift; path = HearingTestLevelScreenViewModel.swift; sourceTree = "<group>"; };
		2A0290902BBA9836008BB3C7 /* TopicLevelScreenView.swift */ = {isa = PBXFileReference; lastKnownFileType = sourcecode.swift; path = TopicLevelScreenView.swift; sourceTree = "<group>"; };
		2A0290922BBA984D008BB3C7 /* TopicLevelScreenViewController.swift */ = {isa = PBXFileReference; lastKnownFileType = sourcecode.swift; path = TopicLevelScreenViewController.swift; sourceTree = "<group>"; };
		2A0290942BBAA6F9008BB3C7 /* TopicLevelsScreenViewModel.swift */ = {isa = PBXFileReference; lastKnownFileType = sourcecode.swift; path = TopicLevelsScreenViewModel.swift; sourceTree = "<group>"; };
		2A0290962BBAA8DB008BB3C7 /* LevelsCollectionViewCell.swift */ = {isa = PBXFileReference; lastKnownFileType = sourcecode.swift; path = LevelsCollectionViewCell.swift; sourceTree = "<group>"; };
		2A0290992BBAB826008BB3C7 /* UICollectionViewCellExtension.swift */ = {isa = PBXFileReference; lastKnownFileType = sourcecode.swift; path = UICollectionViewCellExtension.swift; sourceTree = "<group>"; };
		2A4048A22BE935F20030260E /* LoadingScreenView.swift */ = {isa = PBXFileReference; lastKnownFileType = sourcecode.swift; path = LoadingScreenView.swift; sourceTree = "<group>"; };
		2A4048A42BE936130030260E /* LoadingScreenViewController.swift */ = {isa = PBXFileReference; lastKnownFileType = sourcecode.swift; path = LoadingScreenViewController.swift; sourceTree = "<group>"; };
		2A4048A62BE9362D0030260E /* LoadingScreenViewModel.swift */ = {isa = PBXFileReference; lastKnownFileType = sourcecode.swift; path = LoadingScreenViewModel.swift; sourceTree = "<group>"; };
		2A4048A92BE9720C0030260E /* EndLevelScreenViewController.swift */ = {isa = PBXFileReference; lastKnownFileType = sourcecode.swift; path = EndLevelScreenViewController.swift; sourceTree = "<group>"; };
		2A4048AB2BE9721F0030260E /* EndLevelScreenView.swift */ = {isa = PBXFileReference; lastKnownFileType = sourcecode.swift; path = EndLevelScreenView.swift; sourceTree = "<group>"; };
		2A4048AD2BE972320030260E /* EndLevelScreenViewModel.swift */ = {isa = PBXFileReference; lastKnownFileType = sourcecode.swift; path = EndLevelScreenViewModel.swift; sourceTree = "<group>"; };
		2A5B8E492BBF2139007D8CDD /* HearingTestScreenView.swift */ = {isa = PBXFileReference; lastKnownFileType = sourcecode.swift; path = HearingTestScreenView.swift; sourceTree = "<group>"; };
		2A5B8E4B2BBF28D3007D8CDD /* HearingTestViewController.swift */ = {isa = PBXFileReference; lastKnownFileType = sourcecode.swift; path = HearingTestViewController.swift; sourceTree = "<group>"; };
		2ABFFBBF2BA1C2CC00DA45E8 /* Solfeggio.app */ = {isa = PBXFileReference; explicitFileType = wrapper.application; includeInIndex = 0; path = Solfeggio.app; sourceTree = BUILT_PRODUCTS_DIR; };
		2ABFFBC22BA1C2CC00DA45E8 /* AppDelegate.swift */ = {isa = PBXFileReference; lastKnownFileType = sourcecode.swift; path = AppDelegate.swift; sourceTree = "<group>"; };
		2ABFFBC42BA1C2CC00DA45E8 /* SceneDelegate.swift */ = {isa = PBXFileReference; lastKnownFileType = sourcecode.swift; path = SceneDelegate.swift; sourceTree = "<group>"; };
		2ABFFBCC2BA1C2CC00DA45E8 /* Solfeggio.xcdatamodel */ = {isa = PBXFileReference; lastKnownFileType = wrapper.xcdatamodel; path = Solfeggio.xcdatamodel; sourceTree = "<group>"; };
		2ABFFBCE2BA1C2CD00DA45E8 /* Assets.xcassets */ = {isa = PBXFileReference; lastKnownFileType = folder.assetcatalog; path = Assets.xcassets; sourceTree = "<group>"; };
		2ABFFBD12BA1C2CD00DA45E8 /* Base */ = {isa = PBXFileReference; lastKnownFileType = file.storyboard; name = Base; path = Base.lproj/LaunchScreen.storyboard; sourceTree = "<group>"; };
		2ABFFBD32BA1C2CD00DA45E8 /* Info.plist */ = {isa = PBXFileReference; lastKnownFileType = text.plist.xml; path = Info.plist; sourceTree = "<group>"; };
		2ABFFBE12BA1D85800DA45E8 /* LessonLevelView.swift */ = {isa = PBXFileReference; lastKnownFileType = sourcecode.swift; path = LessonLevelView.swift; sourceTree = "<group>"; };
		2ABFFBE62BA2E79500DA45E8 /* GradientTaskView.swift */ = {isa = PBXFileReference; lastKnownFileType = sourcecode.swift; path = GradientTaskView.swift; sourceTree = "<group>"; };
		2ABFFBE92BA38DB300DA45E8 /* GradientView.swift */ = {isa = PBXFileReference; lastKnownFileType = sourcecode.swift; path = GradientView.swift; sourceTree = "<group>"; };
		2ABFFBEB2BA3B24800DA45E8 /* ButtonsStackView.swift */ = {isa = PBXFileReference; lastKnownFileType = sourcecode.swift; path = ButtonsStackView.swift; sourceTree = "<group>"; };
		2ABFFBED2BA5508E00DA45E8 /* CustomViewBuilder.swift */ = {isa = PBXFileReference; lastKnownFileType = sourcecode.swift; path = CustomViewBuilder.swift; sourceTree = "<group>"; };
		2ABFFBF02BA7613500DA45E8 /* LessonLevelViewController.swift */ = {isa = PBXFileReference; lastKnownFileType = sourcecode.swift; path = LessonLevelViewController.swift; sourceTree = "<group>"; };
		2AE9299C2BC7E829003D32E0 /* MainScreenView.swift */ = {isa = PBXFileReference; lastKnownFileType = sourcecode.swift; path = MainScreenView.swift; sourceTree = "<group>"; };
		2AE9299E2BC7E852003D32E0 /* MainScreenViewController.swift */ = {isa = PBXFileReference; lastKnownFileType = sourcecode.swift; path = MainScreenViewController.swift; sourceTree = "<group>"; };
		2AE929A02BC7E873003D32E0 /* MainScreenViewModel.swift */ = {isa = PBXFileReference; lastKnownFileType = sourcecode.swift; path = MainScreenViewModel.swift; sourceTree = "<group>"; };
		2AE929A32BC7E8A4003D32E0 /* MainScreenCollectionViewCell.swift */ = {isa = PBXFileReference; lastKnownFileType = sourcecode.swift; path = MainScreenCollectionViewCell.swift; sourceTree = "<group>"; };
		2AE929A52BC7EAC9003D32E0 /* MainScreenSubCollectionViewDataManager.swift */ = {isa = PBXFileReference; lastKnownFileType = sourcecode.swift; path = MainScreenSubCollectionViewDataManager.swift; sourceTree = "<group>"; };
		2AE929A72BC7EAE6003D32E0 /* MainScreenSubCollectionViewCell.swift */ = {isa = PBXFileReference; lastKnownFileType = sourcecode.swift; path = MainScreenSubCollectionViewCell.swift; sourceTree = "<group>"; };
		2AE929B12BCC0D33003D32E0 /* HearingTestScreenViewModel.swift */ = {isa = PBXFileReference; lastKnownFileType = sourcecode.swift; path = HearingTestScreenViewModel.swift; sourceTree = "<group>"; };
		2AE929B52BCC0E3F003D32E0 /* ProfileScreenViewController.swift */ = {isa = PBXFileReference; lastKnownFileType = sourcecode.swift; path = ProfileScreenViewController.swift; sourceTree = "<group>"; };
		2AE929B72BCC0E99003D32E0 /* KnowledgeRepetitionScreenViewController.swift */ = {isa = PBXFileReference; lastKnownFileType = sourcecode.swift; path = KnowledgeRepetitionScreenViewController.swift; sourceTree = "<group>"; };
		2AE929BB2BCC0F44003D32E0 /* CoordinatorProtocol.swift */ = {isa = PBXFileReference; lastKnownFileType = sourcecode.swift; path = CoordinatorProtocol.swift; sourceTree = "<group>"; };
		2AE929BD2BCC0FB6003D32E0 /* MainScreenFlowCoordinator.swift */ = {isa = PBXFileReference; lastKnownFileType = sourcecode.swift; path = MainScreenFlowCoordinator.swift; sourceTree = "<group>"; };
		2AE929C02BCC1177003D32E0 /* ContainerAssembly.swift */ = {isa = PBXFileReference; lastKnownFileType = sourcecode.swift; path = ContainerAssembly.swift; sourceTree = "<group>"; };
		2AE929C22BCC1A96003D32E0 /* TabBarFabric.swift */ = {isa = PBXFileReference; lastKnownFileType = sourcecode.swift; path = TabBarFabric.swift; sourceTree = "<group>"; };
		2AE929C42BCC24F3003D32E0 /* HearingTestScreenFlowCoordinator.swift */ = {isa = PBXFileReference; lastKnownFileType = sourcecode.swift; path = HearingTestScreenFlowCoordinator.swift; sourceTree = "<group>"; };
		2AE929C62BCC288A003D32E0 /* UIImageExtension.swift */ = {isa = PBXFileReference; lastKnownFileType = sourcecode.swift; path = UIImageExtension.swift; sourceTree = "<group>"; };
		2AE929C82BCD109B003D32E0 /* KnowledgeRepetitionScreenView.swift */ = {isa = PBXFileReference; lastKnownFileType = sourcecode.swift; path = KnowledgeRepetitionScreenView.swift; sourceTree = "<group>"; };
		2AE929CA2BCD10F7003D32E0 /* KnowledgeRepetitionScreenViewModel.swift */ = {isa = PBXFileReference; lastKnownFileType = sourcecode.swift; path = KnowledgeRepetitionScreenViewModel.swift; sourceTree = "<group>"; };
		2AE929CC2BCD1132003D32E0 /* ProfileScreenView.swift */ = {isa = PBXFileReference; lastKnownFileType = sourcecode.swift; path = ProfileScreenView.swift; sourceTree = "<group>"; };
		2AE929CE2BCD113F003D32E0 /* ProfileScreenViewModel.swift */ = {isa = PBXFileReference; lastKnownFileType = sourcecode.swift; path = ProfileScreenViewModel.swift; sourceTree = "<group>"; };
		2AE929D02BCD1322003D32E0 /* LessonLevelViewModel.swift */ = {isa = PBXFileReference; lastKnownFileType = sourcecode.swift; path = LessonLevelViewModel.swift; sourceTree = "<group>"; };
		2AE929D22BCD3889003D32E0 /* KnowledgeRepetitionScreenFlowCoordinator.swift */ = {isa = PBXFileReference; lastKnownFileType = sourcecode.swift; path = KnowledgeRepetitionScreenFlowCoordinator.swift; sourceTree = "<group>"; };
		2AE929D42BCD6754003D32E0 /* ProfileScreenFlowCoordinator.swift */ = {isa = PBXFileReference; lastKnownFileType = sourcecode.swift; path = ProfileScreenFlowCoordinator.swift; sourceTree = "<group>"; };
		2AE92A5A2BDBF55D003D32E0 /* KnowledgeRepetitionChossingTopicsUIView.swift */ = {isa = PBXFileReference; lastKnownFileType = sourcecode.swift; path = KnowledgeRepetitionChossingTopicsUIView.swift; sourceTree = "<group>"; };
		2AE92A5C2BDBF70B003D32E0 /* KnowRepChossingTopicsViewController.swift */ = {isa = PBXFileReference; lastKnownFileType = sourcecode.swift; path = KnowRepChossingTopicsViewController.swift; sourceTree = "<group>"; };
		2AE92A5E2BDBF767003D32E0 /* KnowRepetitionChossingTopicsViewModel.swift */ = {isa = PBXFileReference; lastKnownFileType = sourcecode.swift; path = KnowRepetitionChossingTopicsViewModel.swift; sourceTree = "<group>"; };
		2AE92A602BDBF786003D32E0 /* KnowRepChossingTopicsCollectionViewCell.swift */ = {isa = PBXFileReference; lastKnownFileType = sourcecode.swift; path = KnowRepChossingTopicsCollectionViewCell.swift; sourceTree = "<group>"; };
		2AE92A7B2BE418D6003D32E0 /* NetworkService.swift */ = {isa = PBXFileReference; lastKnownFileType = sourcecode.swift; path = NetworkService.swift; sourceTree = "<group>"; };
		2AE92A7E2BE555F1003D32E0 /* Task+CoreDataClass.swift */ = {isa = PBXFileReference; lastKnownFileType = sourcecode.swift; path = "Task+CoreDataClass.swift"; sourceTree = SOURCE_ROOT; };
		2AE92A7F2BE555F1003D32E0 /* Task+CoreDataProperties.swift */ = {isa = PBXFileReference; lastKnownFileType = sourcecode.swift; path = "Task+CoreDataProperties.swift"; sourceTree = SOURCE_ROOT; };
		2AE92A802BE555F1003D32E0 /* Answer+CoreDataClass.swift */ = {isa = PBXFileReference; lastKnownFileType = sourcecode.swift; path = "Answer+CoreDataClass.swift"; sourceTree = SOURCE_ROOT; };
		2AE92A812BE555F1003D32E0 /* Answer+CoreDataProperties.swift */ = {isa = PBXFileReference; lastKnownFileType = sourcecode.swift; path = "Answer+CoreDataProperties.swift"; sourceTree = SOURCE_ROOT; };
		2AE92A822BE555F1003D32E0 /* Level+CoreDataClass.swift */ = {isa = PBXFileReference; lastKnownFileType = sourcecode.swift; path = "Level+CoreDataClass.swift"; sourceTree = SOURCE_ROOT; };
		2AE92A832BE555F1003D32E0 /* Level+CoreDataProperties.swift */ = {isa = PBXFileReference; lastKnownFileType = sourcecode.swift; path = "Level+CoreDataProperties.swift"; sourceTree = SOURCE_ROOT; };
		2AE92A842BE555F1003D32E0 /* Block+CoreDataClass.swift */ = {isa = PBXFileReference; lastKnownFileType = sourcecode.swift; path = "Block+CoreDataClass.swift"; sourceTree = SOURCE_ROOT; };
		2AE92A852BE555F1003D32E0 /* Block+CoreDataProperties.swift */ = {isa = PBXFileReference; lastKnownFileType = sourcecode.swift; path = "Block+CoreDataProperties.swift"; sourceTree = SOURCE_ROOT; };
		2AE92A862BE555F1003D32E0 /* Theme+CoreDataClass.swift */ = {isa = PBXFileReference; lastKnownFileType = sourcecode.swift; path = "Theme+CoreDataClass.swift"; sourceTree = SOURCE_ROOT; };
		2AE92A872BE555F1003D32E0 /* Theme+CoreDataProperties.swift */ = {isa = PBXFileReference; lastKnownFileType = sourcecode.swift; path = "Theme+CoreDataProperties.swift"; sourceTree = SOURCE_ROOT; };
		2AE92A932BE55CF0003D32E0 /* CoreDataManager.swift */ = {isa = PBXFileReference; lastKnownFileType = sourcecode.swift; path = CoreDataManager.swift; sourceTree = "<group>"; };
		2AE92A952BE5A6E3003D32E0 /* APIModels.swift */ = {isa = PBXFileReference; lastKnownFileType = sourcecode.swift; path = APIModels.swift; sourceTree = "<group>"; };
		2AE92A972BE5AF01003D32E0 /* ConvertService.swift */ = {isa = PBXFileReference; lastKnownFileType = sourcecode.swift; path = ConvertService.swift; sourceTree = "<group>"; };
/* End PBXFileReference section */

/* Begin PBXFrameworksBuildPhase section */
		2ABFFBBC2BA1C2CC00DA45E8 /* Frameworks */ = {
			isa = PBXFrameworksBuildPhase;
			buildActionMask = 2147483647;
			files = (
				2A4048B12BEAB2140030260E /* JGProgressHUD in Frameworks */,
				2ABFFBDC2BA1CA3900DA45E8 /* Alamofire in Frameworks */,
				2ABFFBDF2BA1CA6900DA45E8 /* SnapKit in Frameworks */,
				2AE929B02BCC0AFC003D32E0 /* Swinject in Frameworks */,
			);
			runOnlyForDeploymentPostprocessing = 0;
		};
/* End PBXFrameworksBuildPhase section */

/* Begin PBXGroup section */
		2A0290812BB5D4D5008BB3C7 /* KnowledgeRepetitionLevelScreen */ = {
			isa = PBXGroup;
			children = (
				2A0290822BB5D524008BB3C7 /* KnowledgeRepetitionLevelView.swift */,
				2A0290842BB5D542008BB3C7 /* KnowledgeRepetitionLevelViewController.swift */,
				2A0290862BB5D58A008BB3C7 /* KnowledgeRepetitionLevelViewModel.swift */,
			);
			path = KnowledgeRepetitionLevelScreen;
			sourceTree = "<group>";
		};
		2A0290882BB5DDCC008BB3C7 /* HearingTestLevelScreen */ = {
			isa = PBXGroup;
			children = (
				2A0290892BB5DE21008BB3C7 /* HearingTestLevelScreenViewController.swift */,
				2A02908B2BB5DE2F008BB3C7 /* HearingTestLevelScreenView.swift */,
				2A02908D2BB5DE47008BB3C7 /* HearingTestLevelScreenViewModel.swift */,
			);
			path = HearingTestLevelScreen;
			sourceTree = "<group>";
		};
		2A02908F2BBA980F008BB3C7 /* TopicLevelsScreen */ = {
			isa = PBXGroup;
			children = (
				2A0290902BBA9836008BB3C7 /* TopicLevelScreenView.swift */,
				2A0290922BBA984D008BB3C7 /* TopicLevelScreenViewController.swift */,
				2A0290942BBAA6F9008BB3C7 /* TopicLevelsScreenViewModel.swift */,
				2A0290962BBAA8DB008BB3C7 /* LevelsCollectionViewCell.swift */,
			);
			path = TopicLevelsScreen;
			sourceTree = "<group>";
		};
		2A0290982BBAB809008BB3C7 /* Extensions */ = {
			isa = PBXGroup;
			children = (
				2A0290992BBAB826008BB3C7 /* UICollectionViewCellExtension.swift */,
				2AE929C62BCC288A003D32E0 /* UIImageExtension.swift */,
			);
			path = Extensions;
			sourceTree = "<group>";
		};
		2A4048A12BE935D20030260E /* LoadingScreen */ = {
			isa = PBXGroup;
			children = (
				2A4048A22BE935F20030260E /* LoadingScreenView.swift */,
				2A4048A42BE936130030260E /* LoadingScreenViewController.swift */,
				2A4048A62BE9362D0030260E /* LoadingScreenViewModel.swift */,
			);
			path = LoadingScreen;
			sourceTree = "<group>";
		};
		2A4048A82BE971EE0030260E /* EndLevelScreen */ = {
			isa = PBXGroup;
			children = (
				2A4048A92BE9720C0030260E /* EndLevelScreenViewController.swift */,
				2A4048AB2BE9721F0030260E /* EndLevelScreenView.swift */,
				2A4048AD2BE972320030260E /* EndLevelScreenViewModel.swift */,
			);
			path = EndLevelScreen;
			sourceTree = "<group>";
		};
		2A5B8E482BBF17F2007D8CDD /* HearingTestScreen */ = {
			isa = PBXGroup;
			children = (
				2A5B8E492BBF2139007D8CDD /* HearingTestScreenView.swift */,
				2A5B8E4B2BBF28D3007D8CDD /* HearingTestViewController.swift */,
				2AE929B12BCC0D33003D32E0 /* HearingTestScreenViewModel.swift */,
			);
			path = HearingTestScreen;
			sourceTree = "<group>";
		};
		2ABFFBB62BA1C2CC00DA45E8 = {
			isa = PBXGroup;
			children = (
				2ABFFBC12BA1C2CC00DA45E8 /* Solfeggio */,
				2ABFFBC02BA1C2CC00DA45E8 /* Products */,
			);
			sourceTree = "<group>";
		};
		2ABFFBC02BA1C2CC00DA45E8 /* Products */ = {
			isa = PBXGroup;
			children = (
				2ABFFBBF2BA1C2CC00DA45E8 /* Solfeggio.app */,
			);
			name = Products;
			sourceTree = "<group>";
		};
		2ABFFBC12BA1C2CC00DA45E8 /* Solfeggio */ = {
			isa = PBXGroup;
			children = (
				2A4048A82BE971EE0030260E /* EndLevelScreen */,
				2A4048A12BE935D20030260E /* LoadingScreen */,
				2AE92A922BE55CD3003D32E0 /* CoreData */,
				2AE92A7A2BE418B8003D32E0 /* Network */,
				2AE92A592BDBF4F7003D32E0 /*  KnowledgeRepetitionChossingTopics */,
				2AE929BF2BCC113E003D32E0 /* Assemblies */,
				2AE929BA2BCC0F02003D32E0 /* FlowCoordinator */,
				2AE929B92BCC0EB7003D32E0 /* Fabrics */,
				2AE929B42BCC0DC9003D32E0 /* KnowledgeRepetitionScreen */,
				2AE929B32BCC0DC0003D32E0 /* ProfileScreen */,
				2AE9299B2BC7E463003D32E0 /* MainScreen */,
				2A5B8E482BBF17F2007D8CDD /* HearingTestScreen */,
				2A0290882BB5DDCC008BB3C7 /* HearingTestLevelScreen */,
				2A0290982BBAB809008BB3C7 /* Extensions */,
				2A02908F2BBA980F008BB3C7 /* TopicLevelsScreen */,
				2A0290812BB5D4D5008BB3C7 /* KnowledgeRepetitionLevelScreen */,
				2ABFFBEF2BA660F100DA45E8 /* Builders */,
				2ABFFBE82BA3374200DA45E8 /* CustomViews */,
				2ABFFBE02BA1D7D200DA45E8 /* LessonLevel */,
				2ABFFBC22BA1C2CC00DA45E8 /* AppDelegate.swift */,
				2ABFFBC42BA1C2CC00DA45E8 /* SceneDelegate.swift */,
				2ABFFBCE2BA1C2CD00DA45E8 /* Assets.xcassets */,
				2ABFFBD02BA1C2CD00DA45E8 /* LaunchScreen.storyboard */,
				2ABFFBD32BA1C2CD00DA45E8 /* Info.plist */,
				2ABFFBCB2BA1C2CC00DA45E8 /* Solfeggio.xcdatamodeld */,
			);
			path = Solfeggio;
			sourceTree = "<group>";
		};
		2ABFFBE02BA1D7D200DA45E8 /* LessonLevel */ = {
			isa = PBXGroup;
			children = (
				2ABFFBE12BA1D85800DA45E8 /* LessonLevelView.swift */,
				2ABFFBF02BA7613500DA45E8 /* LessonLevelViewController.swift */,
				2AE929D02BCD1322003D32E0 /* LessonLevelViewModel.swift */,
			);
			path = LessonLevel;
			sourceTree = "<group>";
		};
		2ABFFBE82BA3374200DA45E8 /* CustomViews */ = {
			isa = PBXGroup;
			children = (
				2ABFFBE62BA2E79500DA45E8 /* GradientTaskView.swift */,
				2ABFFBE92BA38DB300DA45E8 /* GradientView.swift */,
				2ABFFBEB2BA3B24800DA45E8 /* ButtonsStackView.swift */,
			);
			path = CustomViews;
			sourceTree = "<group>";
		};
		2ABFFBEF2BA660F100DA45E8 /* Builders */ = {
			isa = PBXGroup;
			children = (
				2ABFFBED2BA5508E00DA45E8 /* CustomViewBuilder.swift */,
			);
			path = Builders;
			sourceTree = "<group>";
		};
		2AE9299B2BC7E463003D32E0 /* MainScreen */ = {
			isa = PBXGroup;
			children = (
				2AE929A22BC7E883003D32E0 /* MainScreenSubCollectionView */,
				2AE929A32BC7E8A4003D32E0 /* MainScreenCollectionViewCell.swift */,
				2AE9299C2BC7E829003D32E0 /* MainScreenView.swift */,
				2AE9299E2BC7E852003D32E0 /* MainScreenViewController.swift */,
				2AE929A02BC7E873003D32E0 /* MainScreenViewModel.swift */,
			);
			path = MainScreen;
			sourceTree = "<group>";
		};
		2AE929A22BC7E883003D32E0 /* MainScreenSubCollectionView */ = {
			isa = PBXGroup;
			children = (
				2AE929A52BC7EAC9003D32E0 /* MainScreenSubCollectionViewDataManager.swift */,
				2AE929A72BC7EAE6003D32E0 /* MainScreenSubCollectionViewCell.swift */,
			);
			path = MainScreenSubCollectionView;
			sourceTree = "<group>";
		};
		2AE929B32BCC0DC0003D32E0 /* ProfileScreen */ = {
			isa = PBXGroup;
			children = (
				2AE929B52BCC0E3F003D32E0 /* ProfileScreenViewController.swift */,
				2AE929CC2BCD1132003D32E0 /* ProfileScreenView.swift */,
				2AE929CE2BCD113F003D32E0 /* ProfileScreenViewModel.swift */,
			);
			path = ProfileScreen;
			sourceTree = "<group>";
		};
		2AE929B42BCC0DC9003D32E0 /* KnowledgeRepetitionScreen */ = {
			isa = PBXGroup;
			children = (
				2AE929B72BCC0E99003D32E0 /* KnowledgeRepetitionScreenViewController.swift */,
				2AE929C82BCD109B003D32E0 /* KnowledgeRepetitionScreenView.swift */,
				2AE929CA2BCD10F7003D32E0 /* KnowledgeRepetitionScreenViewModel.swift */,
			);
			path = KnowledgeRepetitionScreen;
			sourceTree = "<group>";
		};
		2AE929B92BCC0EB7003D32E0 /* Fabrics */ = {
			isa = PBXGroup;
			children = (
				2AE929C22BCC1A96003D32E0 /* TabBarFabric.swift */,
			);
			path = Fabrics;
			sourceTree = "<group>";
		};
		2AE929BA2BCC0F02003D32E0 /* FlowCoordinator */ = {
			isa = PBXGroup;
			children = (
				2AE929BB2BCC0F44003D32E0 /* CoordinatorProtocol.swift */,
				2AE929BD2BCC0FB6003D32E0 /* MainScreenFlowCoordinator.swift */,
				2AE929C42BCC24F3003D32E0 /* HearingTestScreenFlowCoordinator.swift */,
				2AE929D22BCD3889003D32E0 /* KnowledgeRepetitionScreenFlowCoordinator.swift */,
				2AE929D42BCD6754003D32E0 /* ProfileScreenFlowCoordinator.swift */,
			);
			path = FlowCoordinator;
			sourceTree = "<group>";
		};
		2AE929BF2BCC113E003D32E0 /* Assemblies */ = {
			isa = PBXGroup;
			children = (
				2AE929C02BCC1177003D32E0 /* ContainerAssembly.swift */,
			);
			path = Assemblies;
			sourceTree = "<group>";
		};
		2AE92A592BDBF4F7003D32E0 /*  KnowledgeRepetitionChossingTopics */ = {
			isa = PBXGroup;
			children = (
				2AE92A5A2BDBF55D003D32E0 /* KnowledgeRepetitionChossingTopicsUIView.swift */,
				2AE92A5C2BDBF70B003D32E0 /* KnowRepChossingTopicsViewController.swift */,
				2AE92A5E2BDBF767003D32E0 /* KnowRepetitionChossingTopicsViewModel.swift */,
				2AE92A602BDBF786003D32E0 /* KnowRepChossingTopicsCollectionViewCell.swift */,
			);
			path = " KnowledgeRepetitionChossingTopics";
			sourceTree = "<group>";
		};
		2AE92A7A2BE418B8003D32E0 /* Network */ = {
			isa = PBXGroup;
			children = (
				2AE92A7B2BE418D6003D32E0 /* NetworkService.swift */,
				2AE92A952BE5A6E3003D32E0 /* APIModels.swift */,
				2AE92A972BE5AF01003D32E0 /* ConvertService.swift */,
			);
			path = Network;
			sourceTree = "<group>";
		};
		2AE92A7D2BE418DF003D32E0 /* CoreDataModels */ = {
			isa = PBXGroup;
			children = (
				2AE92A7E2BE555F1003D32E0 /* Task+CoreDataClass.swift */,
				2AE92A7F2BE555F1003D32E0 /* Task+CoreDataProperties.swift */,
				2AE92A802BE555F1003D32E0 /* Answer+CoreDataClass.swift */,
				2AE92A812BE555F1003D32E0 /* Answer+CoreDataProperties.swift */,
				2AE92A822BE555F1003D32E0 /* Level+CoreDataClass.swift */,
				2AE92A832BE555F1003D32E0 /* Level+CoreDataProperties.swift */,
				2AE92A842BE555F1003D32E0 /* Block+CoreDataClass.swift */,
				2AE92A852BE555F1003D32E0 /* Block+CoreDataProperties.swift */,
				2AE92A862BE555F1003D32E0 /* Theme+CoreDataClass.swift */,
				2AE92A872BE555F1003D32E0 /* Theme+CoreDataProperties.swift */,
			);
			path = CoreDataModels;
			sourceTree = "<group>";
		};
		2AE92A922BE55CD3003D32E0 /* CoreData */ = {
			isa = PBXGroup;
			children = (
				2AE92A7D2BE418DF003D32E0 /* CoreDataModels */,
				2AE92A932BE55CF0003D32E0 /* CoreDataManager.swift */,
			);
			path = CoreData;
			sourceTree = "<group>";
		};
/* End PBXGroup section */

/* Begin PBXNativeTarget section */
		2ABFFBBE2BA1C2CC00DA45E8 /* Solfeggio */ = {
			isa = PBXNativeTarget;
			buildConfigurationList = 2ABFFBD62BA1C2CD00DA45E8 /* Build configuration list for PBXNativeTarget "Solfeggio" */;
			buildPhases = (
				2ABFFBBB2BA1C2CC00DA45E8 /* Sources */,
				2ABFFBBC2BA1C2CC00DA45E8 /* Frameworks */,
				2ABFFBBD2BA1C2CC00DA45E8 /* Resources */,
				2ABFFBD92BA1C3C100DA45E8 /* ShellScript */,
			);
			buildRules = (
			);
			dependencies = (
			);
			name = Solfeggio;
			packageProductDependencies = (
				2ABFFBDB2BA1CA3900DA45E8 /* Alamofire */,
				2ABFFBDE2BA1CA6900DA45E8 /* SnapKit */,
				2AE929AF2BCC0AFC003D32E0 /* Swinject */,
				2A4048B02BEAB2140030260E /* JGProgressHUD */,
			);
			productName = Solfeggio;
			productReference = 2ABFFBBF2BA1C2CC00DA45E8 /* Solfeggio.app */;
			productType = "com.apple.product-type.application";
		};
/* End PBXNativeTarget section */

/* Begin PBXProject section */
		2ABFFBB72BA1C2CC00DA45E8 /* Project object */ = {
			isa = PBXProject;
			attributes = {
				BuildIndependentTargetsInParallel = 1;
				LastSwiftUpdateCheck = 1520;
				LastUpgradeCheck = 1520;
				TargetAttributes = {
					2ABFFBBE2BA1C2CC00DA45E8 = {
						CreatedOnToolsVersion = 15.2;
					};
				};
			};
			buildConfigurationList = 2ABFFBBA2BA1C2CC00DA45E8 /* Build configuration list for PBXProject "Solfeggio" */;
			compatibilityVersion = "Xcode 14.0";
			developmentRegion = en;
			hasScannedForEncodings = 0;
			knownRegions = (
				en,
				Base,
			);
			mainGroup = 2ABFFBB62BA1C2CC00DA45E8;
			packageReferences = (
				2ABFFBDA2BA1CA3900DA45E8 /* XCRemoteSwiftPackageReference "Alamofire" */,
				2ABFFBDD2BA1CA6900DA45E8 /* XCRemoteSwiftPackageReference "SnapKit" */,
				2AE929AE2BCC0AFC003D32E0 /* XCRemoteSwiftPackageReference "Swinject" */,
				2A4048AF2BEAB2140030260E /* XCRemoteSwiftPackageReference "JGProgressHUD" */,
			);
			productRefGroup = 2ABFFBC02BA1C2CC00DA45E8 /* Products */;
			projectDirPath = "";
			projectRoot = "";
			targets = (
				2ABFFBBE2BA1C2CC00DA45E8 /* Solfeggio */,
			);
		};
/* End PBXProject section */

/* Begin PBXResourcesBuildPhase section */
		2ABFFBBD2BA1C2CC00DA45E8 /* Resources */ = {
			isa = PBXResourcesBuildPhase;
			buildActionMask = 2147483647;
			files = (
				2ABFFBD22BA1C2CD00DA45E8 /* LaunchScreen.storyboard in Resources */,
				2ABFFBCF2BA1C2CD00DA45E8 /* Assets.xcassets in Resources */,
			);
			runOnlyForDeploymentPostprocessing = 0;
		};
/* End PBXResourcesBuildPhase section */

/* Begin PBXShellScriptBuildPhase section */
		2ABFFBD92BA1C3C100DA45E8 /* ShellScript */ = {
			isa = PBXShellScriptBuildPhase;
			alwaysOutOfDate = 1;
			buildActionMask = 2147483647;
			files = (
			);
			inputFileListPaths = (
			);
			inputPaths = (
			);
			outputFileListPaths = (
			);
			outputPaths = (
			);
			runOnlyForDeploymentPostprocessing = 0;
			shellPath = /bin/sh;
			shellScript = "export PATH=\"$PATH:/opt/homebrew/bin\"\nif which swiftlint >/dev/null; then\n swiftlint\nelse\n    echo \"error: SwiftLint does not exist, download it from https://github.com/realm/SwiftLint\"\n    exit 1\nfi\n";
			showEnvVarsInLog = 0;
		};
/* End PBXShellScriptBuildPhase section */

/* Begin PBXSourcesBuildPhase section */
		2ABFFBBB2BA1C2CC00DA45E8 /* Sources */ = {
			isa = PBXSourcesBuildPhase;
			buildActionMask = 2147483647;
			files = (
				2AE929CF2BCD113F003D32E0 /* ProfileScreenViewModel.swift in Sources */,
				2ABFFBF12BA7613500DA45E8 /* LessonLevelViewController.swift in Sources */,
				2AE929A12BC7E873003D32E0 /* MainScreenViewModel.swift in Sources */,
				2A02908C2BB5DE2F008BB3C7 /* HearingTestLevelScreenView.swift in Sources */,
				2ABFFBEC2BA3B24800DA45E8 /* ButtonsStackView.swift in Sources */,
				2A4048A32BE935F20030260E /* LoadingScreenView.swift in Sources */,
				2A0290872BB5D58A008BB3C7 /* KnowledgeRepetitionLevelViewModel.swift in Sources */,
				2A5B8E4A2BBF2139007D8CDD /* HearingTestScreenView.swift in Sources */,
				2AE929D12BCD1322003D32E0 /* LessonLevelViewModel.swift in Sources */,
				2AE9299F2BC7E852003D32E0 /* MainScreenViewController.swift in Sources */,
				2AE929C12BCC1177003D32E0 /* ContainerAssembly.swift in Sources */,
				2A4048A52BE936130030260E /* LoadingScreenViewController.swift in Sources */,
				2AE92A892BE555F1003D32E0 /* Task+CoreDataProperties.swift in Sources */,
				2AE92A912BE555F1003D32E0 /* Theme+CoreDataProperties.swift in Sources */,
				2AE92A8F2BE555F1003D32E0 /* Block+CoreDataProperties.swift in Sources */,
				2A0290952BBAA6F9008BB3C7 /* TopicLevelsScreenViewModel.swift in Sources */,
				2AE929B62BCC0E3F003D32E0 /* ProfileScreenViewController.swift in Sources */,
				2ABFFBCD2BA1C2CC00DA45E8 /* Solfeggio.xcdatamodeld in Sources */,
				2AE92A962BE5A6E3003D32E0 /* APIModels.swift in Sources */,
				2AE929C52BCC24F3003D32E0 /* HearingTestScreenFlowCoordinator.swift in Sources */,
				2AE929BE2BCC0FB6003D32E0 /* MainScreenFlowCoordinator.swift in Sources */,
				2AE92A942BE55CF0003D32E0 /* CoreDataManager.swift in Sources */,
				2AE92A5D2BDBF70B003D32E0 /* KnowRepChossingTopicsViewController.swift in Sources */,
				2AE92A882BE555F1003D32E0 /* Task+CoreDataClass.swift in Sources */,
				2AE92A8D2BE555F1003D32E0 /* Level+CoreDataProperties.swift in Sources */,
				2AE929BC2BCC0F44003D32E0 /* CoordinatorProtocol.swift in Sources */,
				2AE92A7C2BE418D6003D32E0 /* NetworkService.swift in Sources */,
				2AE929CD2BCD1132003D32E0 /* ProfileScreenView.swift in Sources */,
				2ABFFBC32BA1C2CC00DA45E8 /* AppDelegate.swift in Sources */,
				2AE92A982BE5AF01003D32E0 /* ConvertService.swift in Sources */,
				2A0290972BBAA8DB008BB3C7 /* LevelsCollectionViewCell.swift in Sources */,
				2A4048AE2BE972320030260E /* EndLevelScreenViewModel.swift in Sources */,
				2AE929B82BCC0E99003D32E0 /* KnowledgeRepetitionScreenViewController.swift in Sources */,
				2A0290932BBA984D008BB3C7 /* TopicLevelScreenViewController.swift in Sources */,
				2ABFFBE72BA2E79500DA45E8 /* GradientTaskView.swift in Sources */,
				2AE929D32BCD3889003D32E0 /* KnowledgeRepetitionScreenFlowCoordinator.swift in Sources */,
				2A4048AC2BE9721F0030260E /* EndLevelScreenView.swift in Sources */,
				2AE92A902BE555F1003D32E0 /* Theme+CoreDataClass.swift in Sources */,
				2AE9299D2BC7E829003D32E0 /* MainScreenView.swift in Sources */,
				2AE92A5F2BDBF767003D32E0 /* KnowRepetitionChossingTopicsViewModel.swift in Sources */,
				2AE92A8B2BE555F1003D32E0 /* Answer+CoreDataProperties.swift in Sources */,
				2A4048AA2BE9720C0030260E /* EndLevelScreenViewController.swift in Sources */,
				2AE92A8A2BE555F1003D32E0 /* Answer+CoreDataClass.swift in Sources */,
				2A0290912BBA9836008BB3C7 /* TopicLevelScreenView.swift in Sources */,
				2A02908E2BB5DE47008BB3C7 /* HearingTestLevelScreenViewModel.swift in Sources */,
				2AE929D52BCD6754003D32E0 /* ProfileScreenFlowCoordinator.swift in Sources */,
				2AE92A8E2BE555F1003D32E0 /* Block+CoreDataClass.swift in Sources */,
				2AE929B22BCC0D33003D32E0 /* HearingTestScreenViewModel.swift in Sources */,
				2AE929C72BCC288A003D32E0 /* UIImageExtension.swift in Sources */,
				2A0290832BB5D524008BB3C7 /* KnowledgeRepetitionLevelView.swift in Sources */,
				2AE929A42BC7E8A4003D32E0 /* MainScreenCollectionViewCell.swift in Sources */,
				2AE929A62BC7EAC9003D32E0 /* MainScreenSubCollectionViewDataManager.swift in Sources */,
				2A0290852BB5D542008BB3C7 /* KnowledgeRepetitionLevelViewController.swift in Sources */,
				2AE92A8C2BE555F1003D32E0 /* Level+CoreDataClass.swift in Sources */,
				2A5B8E4C2BBF28D3007D8CDD /* HearingTestViewController.swift in Sources */,
				2A02908A2BB5DE21008BB3C7 /* HearingTestLevelScreenViewController.swift in Sources */,
				2AE929C92BCD109B003D32E0 /* KnowledgeRepetitionScreenView.swift in Sources */,
				2ABFFBEA2BA38DB300DA45E8 /* GradientView.swift in Sources */,
				2A02909A2BBAB826008BB3C7 /* UICollectionViewCellExtension.swift in Sources */,
				2ABFFBEE2BA5508E00DA45E8 /* CustomViewBuilder.swift in Sources */,
				2AE929CB2BCD10F7003D32E0 /* KnowledgeRepetitionScreenViewModel.swift in Sources */,
				2A4048A72BE9362D0030260E /* LoadingScreenViewModel.swift in Sources */,
				2AE929C32BCC1A96003D32E0 /* TabBarFabric.swift in Sources */,
				2AE92A5B2BDBF55D003D32E0 /* KnowledgeRepetitionChossingTopicsUIView.swift in Sources */,
				2ABFFBE22BA1D85800DA45E8 /* LessonLevelView.swift in Sources */,
				2AE92A612BDBF786003D32E0 /* KnowRepChossingTopicsCollectionViewCell.swift in Sources */,
				2AE929A82BC7EAE6003D32E0 /* MainScreenSubCollectionViewCell.swift in Sources */,
				2ABFFBC52BA1C2CC00DA45E8 /* SceneDelegate.swift in Sources */,
			);
			runOnlyForDeploymentPostprocessing = 0;
		};
/* End PBXSourcesBuildPhase section */

/* Begin PBXVariantGroup section */
		2ABFFBD02BA1C2CD00DA45E8 /* LaunchScreen.storyboard */ = {
			isa = PBXVariantGroup;
			children = (
				2ABFFBD12BA1C2CD00DA45E8 /* Base */,
			);
			name = LaunchScreen.storyboard;
			sourceTree = "<group>";
		};
/* End PBXVariantGroup section */

/* Begin XCBuildConfiguration section */
		2ABFFBD42BA1C2CD00DA45E8 /* Debug */ = {
			isa = XCBuildConfiguration;
			buildSettings = {
				ALWAYS_SEARCH_USER_PATHS = NO;
				ASSETCATALOG_COMPILER_GENERATE_SWIFT_ASSET_SYMBOL_EXTENSIONS = YES;
				CLANG_ANALYZER_NONNULL = YES;
				CLANG_ANALYZER_NUMBER_OBJECT_CONVERSION = YES_AGGRESSIVE;
				CLANG_CXX_LANGUAGE_STANDARD = "gnu++20";
				CLANG_ENABLE_MODULES = YES;
				CLANG_ENABLE_OBJC_ARC = YES;
				CLANG_ENABLE_OBJC_WEAK = YES;
				CLANG_WARN_BLOCK_CAPTURE_AUTORELEASING = YES;
				CLANG_WARN_BOOL_CONVERSION = YES;
				CLANG_WARN_COMMA = YES;
				CLANG_WARN_CONSTANT_CONVERSION = YES;
				CLANG_WARN_DEPRECATED_OBJC_IMPLEMENTATIONS = YES;
				CLANG_WARN_DIRECT_OBJC_ISA_USAGE = YES_ERROR;
				CLANG_WARN_DOCUMENTATION_COMMENTS = YES;
				CLANG_WARN_EMPTY_BODY = YES;
				CLANG_WARN_ENUM_CONVERSION = YES;
				CLANG_WARN_INFINITE_RECURSION = YES;
				CLANG_WARN_INT_CONVERSION = YES;
				CLANG_WARN_NON_LITERAL_NULL_CONVERSION = YES;
				CLANG_WARN_OBJC_IMPLICIT_RETAIN_SELF = YES;
				CLANG_WARN_OBJC_LITERAL_CONVERSION = YES;
				CLANG_WARN_OBJC_ROOT_CLASS = YES_ERROR;
				CLANG_WARN_QUOTED_INCLUDE_IN_FRAMEWORK_HEADER = YES;
				CLANG_WARN_RANGE_LOOP_ANALYSIS = YES;
				CLANG_WARN_STRICT_PROTOTYPES = YES;
				CLANG_WARN_SUSPICIOUS_MOVE = YES;
				CLANG_WARN_UNGUARDED_AVAILABILITY = YES_AGGRESSIVE;
				CLANG_WARN_UNREACHABLE_CODE = YES;
				CLANG_WARN__DUPLICATE_METHOD_MATCH = YES;
				COPY_PHASE_STRIP = NO;
				DEBUG_INFORMATION_FORMAT = dwarf;
				ENABLE_STRICT_OBJC_MSGSEND = YES;
				ENABLE_TESTABILITY = YES;
				ENABLE_USER_SCRIPT_SANDBOXING = YES;
				GCC_C_LANGUAGE_STANDARD = gnu17;
				GCC_DYNAMIC_NO_PIC = NO;
				GCC_NO_COMMON_BLOCKS = YES;
				GCC_OPTIMIZATION_LEVEL = 0;
				GCC_PREPROCESSOR_DEFINITIONS = (
					"DEBUG=1",
					"$(inherited)",
				);
				GCC_WARN_64_TO_32_BIT_CONVERSION = YES;
				GCC_WARN_ABOUT_RETURN_TYPE = YES_ERROR;
				GCC_WARN_UNDECLARED_SELECTOR = YES;
				GCC_WARN_UNINITIALIZED_AUTOS = YES_AGGRESSIVE;
				GCC_WARN_UNUSED_FUNCTION = YES;
				GCC_WARN_UNUSED_VARIABLE = YES;
				IPHONEOS_DEPLOYMENT_TARGET = 17.2;
				LOCALIZATION_PREFERS_STRING_CATALOGS = YES;
				MTL_ENABLE_DEBUG_INFO = INCLUDE_SOURCE;
				MTL_FAST_MATH = YES;
				ONLY_ACTIVE_ARCH = YES;
				SDKROOT = iphoneos;
				SWIFT_ACTIVE_COMPILATION_CONDITIONS = "DEBUG $(inherited)";
				SWIFT_OPTIMIZATION_LEVEL = "-Onone";
			};
			name = Debug;
		};
		2ABFFBD52BA1C2CD00DA45E8 /* Release */ = {
			isa = XCBuildConfiguration;
			buildSettings = {
				ALWAYS_SEARCH_USER_PATHS = NO;
				ASSETCATALOG_COMPILER_GENERATE_SWIFT_ASSET_SYMBOL_EXTENSIONS = YES;
				CLANG_ANALYZER_NONNULL = YES;
				CLANG_ANALYZER_NUMBER_OBJECT_CONVERSION = YES_AGGRESSIVE;
				CLANG_CXX_LANGUAGE_STANDARD = "gnu++20";
				CLANG_ENABLE_MODULES = YES;
				CLANG_ENABLE_OBJC_ARC = YES;
				CLANG_ENABLE_OBJC_WEAK = YES;
				CLANG_WARN_BLOCK_CAPTURE_AUTORELEASING = YES;
				CLANG_WARN_BOOL_CONVERSION = YES;
				CLANG_WARN_COMMA = YES;
				CLANG_WARN_CONSTANT_CONVERSION = YES;
				CLANG_WARN_DEPRECATED_OBJC_IMPLEMENTATIONS = YES;
				CLANG_WARN_DIRECT_OBJC_ISA_USAGE = YES_ERROR;
				CLANG_WARN_DOCUMENTATION_COMMENTS = YES;
				CLANG_WARN_EMPTY_BODY = YES;
				CLANG_WARN_ENUM_CONVERSION = YES;
				CLANG_WARN_INFINITE_RECURSION = YES;
				CLANG_WARN_INT_CONVERSION = YES;
				CLANG_WARN_NON_LITERAL_NULL_CONVERSION = YES;
				CLANG_WARN_OBJC_IMPLICIT_RETAIN_SELF = YES;
				CLANG_WARN_OBJC_LITERAL_CONVERSION = YES;
				CLANG_WARN_OBJC_ROOT_CLASS = YES_ERROR;
				CLANG_WARN_QUOTED_INCLUDE_IN_FRAMEWORK_HEADER = YES;
				CLANG_WARN_RANGE_LOOP_ANALYSIS = YES;
				CLANG_WARN_STRICT_PROTOTYPES = YES;
				CLANG_WARN_SUSPICIOUS_MOVE = YES;
				CLANG_WARN_UNGUARDED_AVAILABILITY = YES_AGGRESSIVE;
				CLANG_WARN_UNREACHABLE_CODE = YES;
				CLANG_WARN__DUPLICATE_METHOD_MATCH = YES;
				COPY_PHASE_STRIP = NO;
				DEBUG_INFORMATION_FORMAT = "dwarf-with-dsym";
				ENABLE_NS_ASSERTIONS = NO;
				ENABLE_STRICT_OBJC_MSGSEND = YES;
				ENABLE_USER_SCRIPT_SANDBOXING = YES;
				GCC_C_LANGUAGE_STANDARD = gnu17;
				GCC_NO_COMMON_BLOCKS = YES;
				GCC_WARN_64_TO_32_BIT_CONVERSION = YES;
				GCC_WARN_ABOUT_RETURN_TYPE = YES_ERROR;
				GCC_WARN_UNDECLARED_SELECTOR = YES;
				GCC_WARN_UNINITIALIZED_AUTOS = YES_AGGRESSIVE;
				GCC_WARN_UNUSED_FUNCTION = YES;
				GCC_WARN_UNUSED_VARIABLE = YES;
				IPHONEOS_DEPLOYMENT_TARGET = 17.2;
				LOCALIZATION_PREFERS_STRING_CATALOGS = YES;
				MTL_ENABLE_DEBUG_INFO = NO;
				MTL_FAST_MATH = YES;
				SDKROOT = iphoneos;
				SWIFT_COMPILATION_MODE = wholemodule;
				VALIDATE_PRODUCT = YES;
			};
			name = Release;
		};
		2ABFFBD72BA1C2CD00DA45E8 /* Debug */ = {
			isa = XCBuildConfiguration;
			buildSettings = {
				ASSETCATALOG_COMPILER_APPICON_NAME = AppIcon;
				ASSETCATALOG_COMPILER_GLOBAL_ACCENT_COLOR_NAME = AccentColor;
				CODE_SIGN_STYLE = Automatic;
				CURRENT_PROJECT_VERSION = 1;
				ENABLE_USER_SCRIPT_SANDBOXING = NO;
				GENERATE_INFOPLIST_FILE = YES;
				INFOPLIST_FILE = Solfeggio/Info.plist;
				INFOPLIST_KEY_UIApplicationSupportsIndirectInputEvents = YES;
				INFOPLIST_KEY_UILaunchStoryboardName = LaunchScreen;
				INFOPLIST_KEY_UISupportedInterfaceOrientations_iPad = "UIInterfaceOrientationPortrait UIInterfaceOrientationPortraitUpsideDown UIInterfaceOrientationLandscapeLeft UIInterfaceOrientationLandscapeRight";
				INFOPLIST_KEY_UISupportedInterfaceOrientations_iPhone = "UIInterfaceOrientationPortrait UIInterfaceOrientationLandscapeLeft UIInterfaceOrientationLandscapeRight";
				IPHONEOS_DEPLOYMENT_TARGET = 14.0;
				LD_RUNPATH_SEARCH_PATHS = (
					"$(inherited)",
					"@executable_path/Frameworks",
				);
				MARKETING_VERSION = 1.0;
				PRODUCT_BUNDLE_IDENTIFIER = com.Solfeggio;
				PRODUCT_NAME = "$(TARGET_NAME)";
				SWIFT_EMIT_LOC_STRINGS = YES;
				SWIFT_VERSION = 5.0;
				TARGETED_DEVICE_FAMILY = "1,2";
			};
			name = Debug;
		};
		2ABFFBD82BA1C2CD00DA45E8 /* Release */ = {
			isa = XCBuildConfiguration;
			buildSettings = {
				ASSETCATALOG_COMPILER_APPICON_NAME = AppIcon;
				ASSETCATALOG_COMPILER_GLOBAL_ACCENT_COLOR_NAME = AccentColor;
				CODE_SIGN_STYLE = Automatic;
				CURRENT_PROJECT_VERSION = 1;
				ENABLE_USER_SCRIPT_SANDBOXING = NO;
				GENERATE_INFOPLIST_FILE = YES;
				INFOPLIST_FILE = Solfeggio/Info.plist;
				INFOPLIST_KEY_UIApplicationSupportsIndirectInputEvents = YES;
				INFOPLIST_KEY_UILaunchStoryboardName = LaunchScreen;
				INFOPLIST_KEY_UISupportedInterfaceOrientations_iPad = "UIInterfaceOrientationPortrait UIInterfaceOrientationPortraitUpsideDown UIInterfaceOrientationLandscapeLeft UIInterfaceOrientationLandscapeRight";
				INFOPLIST_KEY_UISupportedInterfaceOrientations_iPhone = "UIInterfaceOrientationPortrait UIInterfaceOrientationLandscapeLeft UIInterfaceOrientationLandscapeRight";
				IPHONEOS_DEPLOYMENT_TARGET = 14.0;
				LD_RUNPATH_SEARCH_PATHS = (
					"$(inherited)",
					"@executable_path/Frameworks",
				);
				MARKETING_VERSION = 1.0;
				PRODUCT_BUNDLE_IDENTIFIER = com.Solfeggio;
				PRODUCT_NAME = "$(TARGET_NAME)";
				SWIFT_EMIT_LOC_STRINGS = YES;
				SWIFT_VERSION = 5.0;
				TARGETED_DEVICE_FAMILY = "1,2";
			};
			name = Release;
		};
/* End XCBuildConfiguration section */

/* Begin XCConfigurationList section */
		2ABFFBBA2BA1C2CC00DA45E8 /* Build configuration list for PBXProject "Solfeggio" */ = {
			isa = XCConfigurationList;
			buildConfigurations = (
				2ABFFBD42BA1C2CD00DA45E8 /* Debug */,
				2ABFFBD52BA1C2CD00DA45E8 /* Release */,
			);
			defaultConfigurationIsVisible = 0;
			defaultConfigurationName = Release;
		};
		2ABFFBD62BA1C2CD00DA45E8 /* Build configuration list for PBXNativeTarget "Solfeggio" */ = {
			isa = XCConfigurationList;
			buildConfigurations = (
				2ABFFBD72BA1C2CD00DA45E8 /* Debug */,
				2ABFFBD82BA1C2CD00DA45E8 /* Release */,
			);
			defaultConfigurationIsVisible = 0;
			defaultConfigurationName = Release;
		};
/* End XCConfigurationList section */

/* Begin XCRemoteSwiftPackageReference section */
		2A4048AF2BEAB2140030260E /* XCRemoteSwiftPackageReference "JGProgressHUD" */ = {
			isa = XCRemoteSwiftPackageReference;
			repositoryURL = "https://github.com/JonasGessner/JGProgressHUD";
			requirement = {
				kind = upToNextMajorVersion;
				minimumVersion = 2.2.0;
			};
		};
		2ABFFBDA2BA1CA3900DA45E8 /* XCRemoteSwiftPackageReference "Alamofire" */ = {
			isa = XCRemoteSwiftPackageReference;
			repositoryURL = "https://github.com/Alamofire/Alamofire";
			requirement = {
				kind = upToNextMajorVersion;
				minimumVersion = 5.9.0;
			};
		};
		2ABFFBDD2BA1CA6900DA45E8 /* XCRemoteSwiftPackageReference "SnapKit" */ = {
			isa = XCRemoteSwiftPackageReference;
			repositoryURL = "https://github.com/SnapKit/SnapKit";
			requirement = {
				kind = upToNextMajorVersion;
				minimumVersion = 5.7.1;
			};
		};
		2AE929AE2BCC0AFC003D32E0 /* XCRemoteSwiftPackageReference "Swinject" */ = {
			isa = XCRemoteSwiftPackageReference;
			repositoryURL = "https://github.com/Swinject/Swinject";
			requirement = {
				kind = upToNextMajorVersion;
				minimumVersion = 2.8.6;
			};
		};
/* End XCRemoteSwiftPackageReference section */

/* Begin XCSwiftPackageProductDependency section */
		2A4048B02BEAB2140030260E /* JGProgressHUD */ = {
			isa = XCSwiftPackageProductDependency;
			package = 2A4048AF2BEAB2140030260E /* XCRemoteSwiftPackageReference "JGProgressHUD" */;
			productName = JGProgressHUD;
		};
		2ABFFBDB2BA1CA3900DA45E8 /* Alamofire */ = {
			isa = XCSwiftPackageProductDependency;
			package = 2ABFFBDA2BA1CA3900DA45E8 /* XCRemoteSwiftPackageReference "Alamofire" */;
			productName = Alamofire;
		};
		2ABFFBDE2BA1CA6900DA45E8 /* SnapKit */ = {
			isa = XCSwiftPackageProductDependency;
			package = 2ABFFBDD2BA1CA6900DA45E8 /* XCRemoteSwiftPackageReference "SnapKit" */;
			productName = SnapKit;
		};
		2AE929AF2BCC0AFC003D32E0 /* Swinject */ = {
			isa = XCSwiftPackageProductDependency;
			package = 2AE929AE2BCC0AFC003D32E0 /* XCRemoteSwiftPackageReference "Swinject" */;
			productName = Swinject;
		};
/* End XCSwiftPackageProductDependency section */

/* Begin XCVersionGroup section */
		2ABFFBCB2BA1C2CC00DA45E8 /* Solfeggio.xcdatamodeld */ = {
			isa = XCVersionGroup;
			children = (
				2ABFFBCC2BA1C2CC00DA45E8 /* Solfeggio.xcdatamodel */,
			);
			currentVersion = 2ABFFBCC2BA1C2CC00DA45E8 /* Solfeggio.xcdatamodel */;
			path = Solfeggio.xcdatamodeld;
			sourceTree = "<group>";
			versionGroupType = wrapper.xcdatamodel;
		};
/* End XCVersionGroup section */
	};
	rootObject = 2ABFFBB72BA1C2CC00DA45E8 /* Project object */;
}
